NeoBundleLock neobundle.vim 14bb64369c03b73a435faeb539973590efcb83c9
NeoBundleLock neocomplete.vim 80a65c78989475b59611cd7af37c272986cca563
NeoBundleLock vim-arduino-syntax 83f766d22e9d0561f389904f27e894234dfa8d96
NeoBundleLock vim-processing 2cb2fb51923f04db25c1b80f75eaab0ac1f4a02c
NeoBundleLock vimproc c809cb15f04f2ae62cb345365d2e76665294623b
